
Microsoft Visual Studio Solution File, Format Version 12.00
# Visual Studio Version 17
VisualStudioVersion = 17.8.34330.188
MinimumVisualStudioVersion = 10.0.40219.1
Project("{FAE04EC0-301F-11D3-BF4B-00C04F79EFBC}") = "Conversii", "Conversii\Conversii.csproj", "{33C539E3-D0D2-454B-9D36-0FF0C497ED00}"
EndProject
Global
	GlobalSection(SolutionConfigurationPlatforms) = preSolution
		Debug|Any CPU = Debug|Any CPU
		Release|Any CPU = Release|Any CPU
	EndGlobalSection
	GlobalSection(ProjectConfigurationPlatforms) = postSolution
		{33C539E3-D0D2-454B-9D36-0FF0C497ED00}.Debug|Any CPU.ActiveCfg = Debug|Any CPU
		{33C539E3-D0D2-454B-9D36-0FF0C497ED00}.Debug|Any CPU.Build.0 = Debug|Any CPU
		{33C539E3-D0D2-454B-9D36-0FF0C497ED00}.Release|Any CPU.ActiveCfg = Release|Any CPU
		{33C539E3-D0D2-454B-9D36-0FF0C497ED00}.Release|Any CPU.Build.0 = Release|Any CPU
	EndGlobalSection
	GlobalSection(SolutionProperties) = preSolution
		HideSolutionNode = FALSE
	EndGlobalSection
	GlobalSection(ExtensibilityGlobals) = postSolution
		SolutionGuid = {17BBB754-A904-4B7A-B006-A87C30ABE5F8}
	EndGlobalSection
EndGlobal
